
Microsoft Visual Studio Solution File, Format Version 12.00
# Visual Studio 15
VisualStudioVersion = 15.0.26403.7
MinimumVisualStudioVersion = 10.0.40219.1
Project("{FAE04EC0-301F-11D3-BF4B-00C04F79EFBC}") = "Test.It.With.XUnit", "src\Test.It.With.XUnit\Test.It.With.XUnit.csproj", "{A6ED849B-4934-4DC2-85D4-E34E7D68F404}"
EndProject
Project("{2150E333-8FDC-42A3-9474-1A3956D46DE8}") = "Tests", "Tests", "{90F3668F-464F-4440-986A-B6A9BAD99DD9}"
EndProject
Project("{FAE04EC0-301F-11D3-BF4B-00C04F79EFBC}") = "Test.It.With.XUnit.Tests", "tests\Test.It.With.XUnit.Tests\Test.It.With.XUnit.Tests.csproj", "{536F85DD-B4A8-4898-BE22-8F2790346D34}"
EndProject
Global
	GlobalSection(SolutionConfigurationPlatforms) = preSolution
		Debug|Any CPU = Debug|Any CPU
		Release|Any CPU = Release|Any CPU
	EndGlobalSection
	GlobalSection(ProjectConfigurationPlatforms) = postSolution
		{A6ED849B-4934-4DC2-85D4-E34E7D68F404}.Debug|Any CPU.ActiveCfg = Debug|Any CPU
		{A6ED849B-4934-4DC2-85D4-E34E7D68F404}.Debug|Any CPU.Build.0 = Debug|Any CPU
		{A6ED849B-4934-4DC2-85D4-E34E7D68F404}.Release|Any CPU.ActiveCfg = Release|Any CPU
		{A6ED849B-4934-4DC2-85D4-E34E7D68F404}.Release|Any CPU.Build.0 = Release|Any CPU
		{536F85DD-B4A8-4898-BE22-8F2790346D34}.Debug|Any CPU.ActiveCfg = Debug|Any CPU
		{536F85DD-B4A8-4898-BE22-8F2790346D34}.Debug|Any CPU.Build.0 = Debug|Any CPU
		{536F85DD-B4A8-4898-BE22-8F2790346D34}.Release|Any CPU.ActiveCfg = Release|Any CPU
		{536F85DD-B4A8-4898-BE22-8F2790346D34}.Release|Any CPU.Build.0 = Release|Any CPU
	EndGlobalSection
	GlobalSection(SolutionProperties) = preSolution
		HideSolutionNode = FALSE
	EndGlobalSection
	GlobalSection(NestedProjects) = preSolution
		{536F85DD-B4A8-4898-BE22-8F2790346D34} = {90F3668F-464F-4440-986A-B6A9BAD99DD9}
	EndGlobalSection
EndGlobal
